// !$*UTF8*$!
{
	archiveVersion = 1;
	classes = {
	};
	objectVersion = 50;
	objects = {

/* Begin PBXBuildFile section */
		6D3DDAAC249548BE00C8F4D3 /* AppDelegate.swift in Sources */ = {isa = PBXBuildFile; fileRef = 6D3DDAAB249548BE00C8F4D3 /* AppDelegate.swift */; };
		6D3DDAAE249548BE00C8F4D3 /* SceneDelegate.swift in Sources */ = {isa = PBXBuildFile; fileRef = 6D3DDAAD249548BE00C8F4D3 /* SceneDelegate.swift */; };
		6D3DDAB3249548BE00C8F4D3 /* Main.storyboard in Resources */ = {isa = PBXBuildFile; fileRef = 6D3DDAB1249548BE00C8F4D3 /* Main.storyboard */; };
		6D3DDAB5249548BF00C8F4D3 /* Assets.xcassets in Resources */ = {isa = PBXBuildFile; fileRef = 6D3DDAB4249548BF00C8F4D3 /* Assets.xcassets */; };
		6D3DDAB8249548BF00C8F4D3 /* LaunchScreen.storyboard in Resources */ = {isa = PBXBuildFile; fileRef = 6D3DDAB6249548BF00C8F4D3 /* LaunchScreen.storyboard */; };
		6D3DDAC324954D5500C8F4D3 /* SubredditTableViewController.swift in Sources */ = {isa = PBXBuildFile; fileRef = 6D3DDAC124954D5500C8F4D3 /* SubredditTableViewController.swift */; };
		6D3DDAC8249551D300C8F4D3 /* PostCell.swift in Sources */ = {isa = PBXBuildFile; fileRef = 6D3DDAC7249551D300C8F4D3 /* PostCell.swift */; };
		6D3DDACA2495635400C8F4D3 /* TableHeaderView.swift in Sources */ = {isa = PBXBuildFile; fileRef = 6D3DDAC92495635400C8F4D3 /* TableHeaderView.swift */; };
		6D3DDACC2495636400C8F4D3 /* TableHeaderView.xib in Resources */ = {isa = PBXBuildFile; fileRef = 6D3DDACB2495636400C8F4D3 /* TableHeaderView.xib */; };
		6D3DDAD22495683600C8F4D3 /* FullImageViewController.swift in Sources */ = {isa = PBXBuildFile; fileRef = 6D3DDAD12495683600C8F4D3 /* FullImageViewController.swift */; };
		6D3DDAD5249C2EF200C8F4D3 /* ResponseModels.swift in Sources */ = {isa = PBXBuildFile; fileRef = 6D3DDAD4249C2EF200C8F4D3 /* ResponseModels.swift */; };
		6D3DDAD7249C2F1C00C8F4D3 /* Subreddit.swift in Sources */ = {isa = PBXBuildFile; fileRef = 6D3DDAD6249C2F1C00C8F4D3 /* Subreddit.swift */; };
		6D3DDADC249C312000C8F4D3 /* NetworkController.swift in Sources */ = {isa = PBXBuildFile; fileRef = 6D3DDADB249C312000C8F4D3 /* NetworkController.swift */; };
		6D3DDADF249C375200C8F4D3 /* SubredditSwappable.swift in Sources */ = {isa = PBXBuildFile; fileRef = 6D3DDADE249C375200C8F4D3 /* SubredditSwappable.swift */; };
/* End PBXBuildFile section */

/* Begin PBXFileReference section */
		6D3DDAA8249548BE00C8F4D3 /* RefectoringLSB.app */ = {isa = PBXFileReference; explicitFileType = wrapper.application; includeInIndex = 0; path = RefectoringLSB.app; sourceTree = BUILT_PRODUCTS_DIR; };
		6D3DDAAB249548BE00C8F4D3 /* AppDelegate.swift */ = {isa = PBXFileReference; lastKnownFileType = sourcecode.swift; path = AppDelegate.swift; sourceTree = "<group>"; };
		6D3DDAAD249548BE00C8F4D3 /* SceneDelegate.swift */ = {isa = PBXFileReference; lastKnownFileType = sourcecode.swift; path = SceneDelegate.swift; sourceTree = "<group>"; };
		6D3DDAB2249548BE00C8F4D3 /* Base */ = {isa = PBXFileReference; lastKnownFileType = file.storyboard; name = Base; path = Base.lproj/Main.storyboard; sourceTree = "<group>"; };
		6D3DDAB4249548BF00C8F4D3 /* Assets.xcassets */ = {isa = PBXFileReference; lastKnownFileType = folder.assetcatalog; path = Assets.xcassets; sourceTree = "<group>"; };
		6D3DDAB7249548BF00C8F4D3 /* Base */ = {isa = PBXFileReference; lastKnownFileType = file.storyboard; name = Base; path = Base.lproj/LaunchScreen.storyboard; sourceTree = "<group>"; };
		6D3DDAB9249548BF00C8F4D3 /* Info.plist */ = {isa = PBXFileReference; lastKnownFileType = text.plist.xml; path = Info.plist; sourceTree = "<group>"; };
		6D3DDAC124954D5500C8F4D3 /* SubredditTableViewController.swift */ = {isa = PBXFileReference; lastKnownFileType = sourcecode.swift; path = SubredditTableViewController.swift; sourceTree = "<group>"; };
		6D3DDAC7249551D300C8F4D3 /* PostCell.swift */ = {isa = PBXFileReference; lastKnownFileType = sourcecode.swift; path = PostCell.swift; sourceTree = "<group>"; };
		6D3DDAC92495635400C8F4D3 /* TableHeaderView.swift */ = {isa = PBXFileReference; lastKnownFileType = sourcecode.swift; path = TableHeaderView.swift; sourceTree = "<group>"; };
		6D3DDACB2495636400C8F4D3 /* TableHeaderView.xib */ = {isa = PBXFileReference; lastKnownFileType = file.xib; path = TableHeaderView.xib; sourceTree = "<group>"; };
		6D3DDAD12495683600C8F4D3 /* FullImageViewController.swift */ = {isa = PBXFileReference; lastKnownFileType = sourcecode.swift; path = FullImageViewController.swift; sourceTree = "<group>"; };
		6D3DDAD4249C2EF200C8F4D3 /* ResponseModels.swift */ = {isa = PBXFileReference; lastKnownFileType = sourcecode.swift; path = ResponseModels.swift; sourceTree = "<group>"; };
		6D3DDAD6249C2F1C00C8F4D3 /* Subreddit.swift */ = {isa = PBXFileReference; lastKnownFileType = sourcecode.swift; path = Subreddit.swift; sourceTree = "<group>"; };
		6D3DDADB249C312000C8F4D3 /* NetworkController.swift */ = {isa = PBXFileReference; lastKnownFileType = sourcecode.swift; path = NetworkController.swift; sourceTree = "<group>"; };
		6D3DDADE249C375200C8F4D3 /* SubredditSwappable.swift */ = {isa = PBXFileReference; lastKnownFileType = sourcecode.swift; path = SubredditSwappable.swift; sourceTree = "<group>"; };
/* End PBXFileReference section */

/* Begin PBXFrameworksBuildPhase section */
		6D3DDAA5249548BE00C8F4D3 /* Frameworks */ = {
			isa = PBXFrameworksBuildPhase;
			buildActionMask = 2147483647;
			files = (
			);
			runOnlyForDeploymentPostprocessing = 0;
		};
/* End PBXFrameworksBuildPhase section */

/* Begin PBXGroup section */
		6D3DDA9F249548BE00C8F4D3 = {
			isa = PBXGroup;
			children = (
				6D3DDAAA249548BE00C8F4D3 /* RefectoringLSB */,
				6D3DDAA9249548BE00C8F4D3 /* Products */,
			);
			sourceTree = "<group>";
		};
		6D3DDAA9249548BE00C8F4D3 /* Products */ = {
			isa = PBXGroup;
			children = (
				6D3DDAA8249548BE00C8F4D3 /* RefectoringLSB.app */,
			);
			name = Products;
			sourceTree = "<group>";
		};
		6D3DDAAA249548BE00C8F4D3 /* RefectoringLSB */ = {
			isa = PBXGroup;
			children = (
				6D3DDADA249C310C00C8F4D3 /* Controllers */,
				6D3DDAD3249C2EBE00C8F4D3 /* Models */,
				6D3DDADD249C373E00C8F4D3 /* Protocols */,
				6D3DDAD8249C30CF00C8F4D3 /* Views */,
				6D3DDAAB249548BE00C8F4D3 /* AppDelegate.swift */,
				6D3DDAAD249548BE00C8F4D3 /* SceneDelegate.swift */,
				6D3DDAB4249548BF00C8F4D3 /* Assets.xcassets */,
				6D3DDAB6249548BF00C8F4D3 /* LaunchScreen.storyboard */,
				6D3DDAB9249548BF00C8F4D3 /* Info.plist */,
			);
			path = RefectoringLSB;
			sourceTree = "<group>";
		};
		6D3DDAD3249C2EBE00C8F4D3 /* Models */ = {
			isa = PBXGroup;
			children = (
				6D3DDAD4249C2EF200C8F4D3 /* ResponseModels.swift */,
				6D3DDAD6249C2F1C00C8F4D3 /* Subreddit.swift */,
			);
			path = Models;
			sourceTree = "<group>";
		};
		6D3DDAD8249C30CF00C8F4D3 /* Views */ = {
			isa = PBXGroup;
			children = (
				6D3DDAD9249C30E300C8F4D3 /* Cells */,
				6D3DDAD12495683600C8F4D3 /* FullImageViewController.swift */,
				6D3DDAB1249548BE00C8F4D3 /* Main.storyboard */,
				6D3DDAC124954D5500C8F4D3 /* SubredditTableViewController.swift */,
				6D3DDAC92495635400C8F4D3 /* TableHeaderView.swift */,
				6D3DDACB2495636400C8F4D3 /* TableHeaderView.xib */,
			);
			path = Views;
			sourceTree = "<group>";
		};
		6D3DDAD9249C30E300C8F4D3 /* Cells */ = {
			isa = PBXGroup;
			children = (
				6D3DDAC7249551D300C8F4D3 /* PostCell.swift */,
			);
			path = Cells;
			sourceTree = "<group>";
		};
		6D3DDADA249C310C00C8F4D3 /* Controllers */ = {
			isa = PBXGroup;
			children = (
				6D3DDADB249C312000C8F4D3 /* NetworkController.swift */,
			);
			path = Controllers;
			sourceTree = "<group>";
		};
		6D3DDADD249C373E00C8F4D3 /* Protocols */ = {
			isa = PBXGroup;
			children = (
				6D3DDADE249C375200C8F4D3 /* SubredditSwappable.swift */,
			);
			path = Protocols;
			sourceTree = "<group>";
		};
/* End PBXGroup section */

/* Begin PBXNativeTarget section */
		6D3DDAA7249548BE00C8F4D3 /* RefectoringLSB */ = {
			isa = PBXNativeTarget;
			buildConfigurationList = 6D3DDABC249548BF00C8F4D3 /* Build configuration list for PBXNativeTarget "RefectoringLSB" */;
			buildPhases = (
				6D3DDAA4249548BE00C8F4D3 /* Sources */,
				6D3DDAA5249548BE00C8F4D3 /* Frameworks */,
				6D3DDAA6249548BE00C8F4D3 /* Resources */,
			);
			buildRules = (
			);
			dependencies = (
			);
			name = RefectoringLSB;
			productName = RefectoringLSB;
			productReference = 6D3DDAA8249548BE00C8F4D3 /* RefectoringLSB.app */;
			productType = "com.apple.product-type.application";
		};
/* End PBXNativeTarget section */

/* Begin PBXProject section */
		6D3DDAA0249548BE00C8F4D3 /* Project object */ = {
			isa = PBXProject;
			attributes = {
				LastSwiftUpdateCheck = 1150;
				LastUpgradeCheck = 1150;
				ORGANIZATIONNAME = "Matthew Dias";
				TargetAttributes = {
					6D3DDAA7249548BE00C8F4D3 = {
						CreatedOnToolsVersion = 11.5;
					};
				};
			};
			buildConfigurationList = 6D3DDAA3249548BE00C8F4D3 /* Build configuration list for PBXProject "RefectoringLSB" */;
			compatibilityVersion = "Xcode 9.3";
			developmentRegion = en;
			hasScannedForEncodings = 0;
			knownRegions = (
				en,
				Base,
			);
			mainGroup = 6D3DDA9F249548BE00C8F4D3;
			productRefGroup = 6D3DDAA9249548BE00C8F4D3 /* Products */;
			projectDirPath = "";
			projectRoot = "";
			targets = (
				6D3DDAA7249548BE00C8F4D3 /* RefectoringLSB */,
			);
		};
/* End PBXProject section */

/* Begin PBXResourcesBuildPhase section */
		6D3DDAA6249548BE00C8F4D3 /* Resources */ = {
			isa = PBXResourcesBuildPhase;
			buildActionMask = 2147483647;
			files = (
				6D3DDACC2495636400C8F4D3 /* TableHeaderView.xib in Resources */,
				6D3DDAB8249548BF00C8F4D3 /* LaunchScreen.storyboard in Resources */,
				6D3DDAB5249548BF00C8F4D3 /* Assets.xcassets in Resources */,
				6D3DDAB3249548BE00C8F4D3 /* Main.storyboard in Resources */,
			);
			runOnlyForDeploymentPostprocessing = 0;
		};
/* End PBXResourcesBuildPhase section */

/* Begin PBXSourcesBuildPhase section */
		6D3DDAA4249548BE00C8F4D3 /* Sources */ = {
			isa = PBXSourcesBuildPhase;
			buildActionMask = 2147483647;
			files = (
				6D3DDAD7249C2F1C00C8F4D3 /* Subreddit.swift in Sources */,
				6D3DDACA2495635400C8F4D3 /* TableHeaderView.swift in Sources */,
				6D3DDADF249C375200C8F4D3 /* SubredditSwappable.swift in Sources */,
				6D3DDAC324954D5500C8F4D3 /* SubredditTableViewController.swift in Sources */,
				6D3DDAAC249548BE00C8F4D3 /* AppDelegate.swift in Sources */,
				6D3DDAAE249548BE00C8F4D3 /* SceneDelegate.swift in Sources */,
				6D3DDAC8249551D300C8F4D3 /* PostCell.swift in Sources */,
				6D3DDAD22495683600C8F4D3 /* FullImageViewController.swift in Sources */,
				6D3DDAD5249C2EF200C8F4D3 /* ResponseModels.swift in Sources */,
				6D3DDADC249C312000C8F4D3 /* NetworkController.swift in Sources */,
			);
			runOnlyForDeploymentPostprocessing = 0;
		};
/* End PBXSourcesBuildPhase section */

/* Begin PBXVariantGroup section */
		6D3DDAB1249548BE00C8F4D3 /* Main.storyboard */ = {
			isa = PBXVariantGroup;
			children = (
				6D3DDAB2249548BE00C8F4D3 /* Base */,
			);
			name = Main.storyboard;
			sourceTree = "<group>";
		};
		6D3DDAB6249548BF00C8F4D3 /* LaunchScreen.storyboard */ = {
			isa = PBXVariantGroup;
			children = (
				6D3DDAB7249548BF00C8F4D3 /* Base */,
			);
			name = LaunchScreen.storyboard;
			sourceTree = "<group>";
		};
/* End PBXVariantGroup section */

/* Begin XCBuildConfiguration section */
		6D3DDABA249548BF00C8F4D3 /* Debug */ = {
			isa = XCBuildConfiguration;
			buildSettings = {
				ALWAYS_SEARCH_USER_PATHS = NO;
				CLANG_ANALYZER_NONNULL = YES;
				CLANG_ANALYZER_NUMBER_OBJECT_CONVERSION = YES_AGGRESSIVE;
				CLANG_CXX_LANGUAGE_STANDARD = "gnu++14";
				CLANG_CXX_LIBRARY = "libc++";
				CLANG_ENABLE_MODULES = YES;
				CLANG_ENABLE_OBJC_ARC = YES;
				CLANG_ENABLE_OBJC_WEAK = YES;
				CLANG_WARN_BLOCK_CAPTURE_AUTORELEASING = YES;
				CLANG_WARN_BOOL_CONVERSION = YES;
				CLANG_WARN_COMMA = YES;
				CLANG_WARN_CONSTANT_CONVERSION = YES;
				CLANG_WARN_DEPRECATED_OBJC_IMPLEMENTATIONS = YES;
				CLANG_WARN_DIRECT_OBJC_ISA_USAGE = YES_ERROR;
				CLANG_WARN_DOCUMENTATION_COMMENTS = YES;
				CLANG_WARN_EMPTY_BODY = YES;
				CLANG_WARN_ENUM_CONVERSION = YES;
				CLANG_WARN_INFINITE_RECURSION = YES;
				CLANG_WARN_INT_CONVERSION = YES;
				CLANG_WARN_NON_LITERAL_NULL_CONVERSION = YES;
				CLANG_WARN_OBJC_IMPLICIT_RETAIN_SELF = YES;
				CLANG_WARN_OBJC_LITERAL_CONVERSION = YES;
				CLANG_WARN_OBJC_ROOT_CLASS = YES_ERROR;
				CLANG_WARN_RANGE_LOOP_ANALYSIS = YES;
				CLANG_WARN_STRICT_PROTOTYPES = YES;
				CLANG_WARN_SUSPICIOUS_MOVE = YES;
				CLANG_WARN_UNGUARDED_AVAILABILITY = YES_AGGRESSIVE;
				CLANG_WARN_UNREACHABLE_CODE = YES;
				CLANG_WARN__DUPLICATE_METHOD_MATCH = YES;
				COPY_PHASE_STRIP = NO;
				DEBUG_INFORMATION_FORMAT = dwarf;
				ENABLE_STRICT_OBJC_MSGSEND = YES;
				ENABLE_TESTABILITY = YES;
				GCC_C_LANGUAGE_STANDARD = gnu11;
				GCC_DYNAMIC_NO_PIC = NO;
				GCC_NO_COMMON_BLOCKS = YES;
				GCC_OPTIMIZATION_LEVEL = 0;
				GCC_PREPROCESSOR_DEFINITIONS = (
					"DEBUG=1",
					"$(inherited)",
				);
				GCC_WARN_64_TO_32_BIT_CONVERSION = YES;
				GCC_WARN_ABOUT_RETURN_TYPE = YES_ERROR;
				GCC_WARN_UNDECLARED_SELECTOR = YES;
				GCC_WARN_UNINITIALIZED_AUTOS = YES_AGGRESSIVE;
				GCC_WARN_UNUSED_FUNCTION = YES;
				GCC_WARN_UNUSED_VARIABLE = YES;
				IPHONEOS_DEPLOYMENT_TARGET = 13.5;
				MTL_ENABLE_DEBUG_INFO = INCLUDE_SOURCE;
				MTL_FAST_MATH = YES;
				ONLY_ACTIVE_ARCH = YES;
				SDKROOT = iphoneos;
				SWIFT_ACTIVE_COMPILATION_CONDITIONS = DEBUG;
				SWIFT_OPTIMIZATION_LEVEL = "-Onone";
			};
			name = Debug;
		};
		6D3DDABB249548BF00C8F4D3 /* Release */ = {
			isa = XCBuildConfiguration;
			buildSettings = {
				ALWAYS_SEARCH_USER_PATHS = NO;
				CLANG_ANALYZER_NONNULL = YES;
				CLANG_ANALYZER_NUMBER_OBJECT_CONVERSION = YES_AGGRESSIVE;
				CLANG_CXX_LANGUAGE_STANDARD = "gnu++14";
				CLANG_CXX_LIBRARY = "libc++";
				CLANG_ENABLE_MODULES = YES;
				CLANG_ENABLE_OBJC_ARC = YES;
				CLANG_ENABLE_OBJC_WEAK = YES;
				CLANG_WARN_BLOCK_CAPTURE_AUTORELEASING = YES;
				CLANG_WARN_BOOL_CONVERSION = YES;
				CLANG_WARN_COMMA = YES;
				CLANG_WARN_CONSTANT_CONVERSION = YES;
				CLANG_WARN_DEPRECATED_OBJC_IMPLEMENTATIONS = YES;
				CLANG_WARN_DIRECT_OBJC_ISA_USAGE = YES_ERROR;
				CLANG_WARN_DOCUMENTATION_COMMENTS = YES;
				CLANG_WARN_EMPTY_BODY = YES;
				CLANG_WARN_ENUM_CONVERSION = YES;
				CLANG_WARN_INFINITE_RECURSION = YES;
				CLANG_WARN_INT_CONVERSION = YES;
				CLANG_WARN_NON_LITERAL_NULL_CONVERSION = YES;
				CLANG_WARN_OBJC_IMPLICIT_RETAIN_SELF = YES;
				CLANG_WARN_OBJC_LITERAL_CONVERSION = YES;
				CLANG_WARN_OBJC_ROOT_CLASS = YES_ERROR;
				CLANG_WARN_RANGE_LOOP_ANALYSIS = YES;
				CLANG_WARN_STRICT_PROTOTYPES = YES;
				CLANG_WARN_SUSPICIOUS_MOVE = YES;
				CLANG_WARN_UNGUARDED_AVAILABILITY = YES_AGGRESSIVE;
				CLANG_WARN_UNREACHABLE_CODE = YES;
				CLANG_WARN__DUPLICATE_METHOD_MATCH = YES;
				COPY_PHASE_STRIP = NO;
				DEBUG_INFORMATION_FORMAT = "dwarf-with-dsym";
				ENABLE_NS_ASSERTIONS = NO;
				ENABLE_STRICT_OBJC_MSGSEND = YES;
				GCC_C_LANGUAGE_STANDARD = gnu11;
				GCC_NO_COMMON_BLOCKS = YES;
				GCC_WARN_64_TO_32_BIT_CONVERSION = YES;
				GCC_WARN_ABOUT_RETURN_TYPE = YES_ERROR;
				GCC_WARN_UNDECLARED_SELECTOR = YES;
				GCC_WARN_UNINITIALIZED_AUTOS = YES_AGGRESSIVE;
				GCC_WARN_UNUSED_FUNCTION = YES;
				GCC_WARN_UNUSED_VARIABLE = YES;
				IPHONEOS_DEPLOYMENT_TARGET = 13.5;
				MTL_ENABLE_DEBUG_INFO = NO;
				MTL_FAST_MATH = YES;
				SDKROOT = iphoneos;
				SWIFT_COMPILATION_MODE = wholemodule;
				SWIFT_OPTIMIZATION_LEVEL = "-O";
				VALIDATE_PRODUCT = YES;
			};
			name = Release;
		};
		6D3DDABD249548BF00C8F4D3 /* Debug */ = {
			isa = XCBuildConfiguration;
			buildSettings = {
				ASSETCATALOG_COMPILER_APPICON_NAME = AppIcon;
				CODE_SIGN_STYLE = Automatic;
				DEVELOPMENT_TEAM = 3Z4ZDG98FM;
				INFOPLIST_FILE = RefectoringLSB/Info.plist;
				LD_RUNPATH_SEARCH_PATHS = (
					"$(inherited)",
					"@executable_path/Frameworks",
				);
				PRODUCT_BUNDLE_IDENTIFIER = com.mattdias.RefectoringLSB;
				PRODUCT_NAME = "$(TARGET_NAME)";
				SWIFT_VERSION = 5.0;
				TARGETED_DEVICE_FAMILY = "1,2";
			};
			name = Debug;
		};
		6D3DDABE249548BF00C8F4D3 /* Release */ = {
			isa = XCBuildConfiguration;
			buildSettings = {
				ASSETCATALOG_COMPILER_APPICON_NAME = AppIcon;
				CODE_SIGN_STYLE = Automatic;
				DEVELOPMENT_TEAM = 3Z4ZDG98FM;
				INFOPLIST_FILE = RefectoringLSB/Info.plist;
				LD_RUNPATH_SEARCH_PATHS = (
					"$(inherited)",
					"@executable_path/Frameworks",
				);
				PRODUCT_BUNDLE_IDENTIFIER = com.mattdias.RefectoringLSB;
				PRODUCT_NAME = "$(TARGET_NAME)";
				SWIFT_VERSION = 5.0;
				TARGETED_DEVICE_FAMILY = "1,2";
			};
			name = Release;
		};
/* End XCBuildConfiguration section */

/* Begin XCConfigurationList section */
		6D3DDAA3249548BE00C8F4D3 /* Build configuration list for PBXProject "RefectoringLSB" */ = {
			isa = XCConfigurationList;
			buildConfigurations = (
				6D3DDABA249548BF00C8F4D3 /* Debug */,
				6D3DDABB249548BF00C8F4D3 /* Release */,
			);
			defaultConfigurationIsVisible = 0;
			defaultConfigurationName = Release;
		};
		6D3DDABC249548BF00C8F4D3 /* Build configuration list for PBXNativeTarget "RefectoringLSB" */ = {
			isa = XCConfigurationList;
			buildConfigurations = (
				6D3DDABD249548BF00C8F4D3 /* Debug */,
				6D3DDABE249548BF00C8F4D3 /* Release */,
			);
			defaultConfigurationIsVisible = 0;
			defaultConfigurationName = Release;
		};
/* End XCConfigurationList section */
	};
	rootObject = 6D3DDAA0249548BE00C8F4D3 /* Project object */;
}
